// !$*UTF8*$!
{
	archiveVersion = 1;
	classes = {
	};
	objectVersion = 50;
	objects = {

/* Begin PBXBuildFile section */
		48CF927101978D225DA1BF8B /* Pods_Scrappy.framework in Frameworks */ = {isa = PBXBuildFile; fileRef = 67BC927EB3D895ABB51477AD /* Pods_Scrappy.framework */; };
		BA05CFE020AA35EB00021565 /* GoogleService-Info.plist in Resources */ = {isa = PBXBuildFile; fileRef = BA05CFDF20AA35EB00021565 /* GoogleService-Info.plist */; };
		BA13F08A20AA2B86004BF8FC /* Root Nav.swift in Sources */ = {isa = PBXBuildFile; fileRef = BA13F08920AA2B86004BF8FC /* Root Nav.swift */; };
		BA39998620A9E92200383CFB /* AppDelegate.swift in Sources */ = {isa = PBXBuildFile; fileRef = BA39998520A9E92200383CFB /* AppDelegate.swift */; };
		BA39998820A9E92200383CFB /* Herman VC.swift in Sources */ = {isa = PBXBuildFile; fileRef = BA39998720A9E92200383CFB /* Herman VC.swift */; };
		BA39998D20A9E92300383CFB /* Assets.xcassets in Resources */ = {isa = PBXBuildFile; fileRef = BA39998C20A9E92300383CFB /* Assets.xcassets */; };
/* End PBXBuildFile section */

/* Begin PBXFileReference section */
		628AE67FCF76F9488F2909E0 /* Pods-Scrappy.release.xcconfig */ = {isa = PBXFileReference; includeInIndex = 1; lastKnownFileType = text.xcconfig; name = "Pods-Scrappy.release.xcconfig"; path = "Pods/Target Support Files/Pods-Scrappy/Pods-Scrappy.release.xcconfig"; sourceTree = "<group>"; };
		67BC927EB3D895ABB51477AD /* Pods_Scrappy.framework */ = {isa = PBXFileReference; explicitFileType = wrapper.framework; includeInIndex = 0; path = Pods_Scrappy.framework; sourceTree = BUILT_PRODUCTS_DIR; };
		A357D38E9E88116E4DD23C03 /* Pods-Scrappy.debug.xcconfig */ = {isa = PBXFileReference; includeInIndex = 1; lastKnownFileType = text.xcconfig; name = "Pods-Scrappy.debug.xcconfig"; path = "Pods/Target Support Files/Pods-Scrappy/Pods-Scrappy.debug.xcconfig"; sourceTree = "<group>"; };
		BA05CFDF20AA35EB00021565 /* GoogleService-Info.plist */ = {isa = PBXFileReference; fileEncoding = 4; lastKnownFileType = text.plist.xml; path = "GoogleService-Info.plist"; sourceTree = "<group>"; };
		BA13F08920AA2B86004BF8FC /* Root Nav.swift */ = {isa = PBXFileReference; lastKnownFileType = sourcecode.swift; path = "Root Nav.swift"; sourceTree = "<group>"; };
		BA39998220A9E92200383CFB /* Scrappy.app */ = {isa = PBXFileReference; explicitFileType = wrapper.application; includeInIndex = 0; path = Scrappy.app; sourceTree = BUILT_PRODUCTS_DIR; };
		BA39998520A9E92200383CFB /* AppDelegate.swift */ = {isa = PBXFileReference; lastKnownFileType = sourcecode.swift; path = AppDelegate.swift; sourceTree = "<group>"; };
		BA39998720A9E92200383CFB /* Herman VC.swift */ = {isa = PBXFileReference; lastKnownFileType = sourcecode.swift; path = "Herman VC.swift"; sourceTree = "<group>"; };
		BA39998C20A9E92300383CFB /* Assets.xcassets */ = {isa = PBXFileReference; lastKnownFileType = folder.assetcatalog; path = Assets.xcassets; sourceTree = "<group>"; };
		BA39999120A9E92300383CFB /* Info.plist */ = {isa = PBXFileReference; lastKnownFileType = text.plist.xml; path = Info.plist; sourceTree = "<group>"; };
/* End PBXFileReference section */

/* Begin PBXFrameworksBuildPhase section */
		BA39997F20A9E92200383CFB /* Frameworks */ = {
			isa = PBXFrameworksBuildPhase;
			buildActionMask = 2147483647;
			files = (
				48CF927101978D225DA1BF8B /* Pods_Scrappy.framework in Frameworks */,
			);
			runOnlyForDeploymentPostprocessing = 0;
		};
/* End PBXFrameworksBuildPhase section */

/* Begin PBXGroup section */
		3E4EFF3C863289B15F0057D6 /* Pods */ = {
			isa = PBXGroup;
			children = (
				A357D38E9E88116E4DD23C03 /* Pods-Scrappy.debug.xcconfig */,
				628AE67FCF76F9488F2909E0 /* Pods-Scrappy.release.xcconfig */,
			);
			name = Pods;
			sourceTree = "<group>";
		};
		BA13F08620AA26EF004BF8FC /* App Delegate */ = {
			isa = PBXGroup;
			children = (
				BA39998520A9E92200383CFB /* AppDelegate.swift */,
			);
			path = "App Delegate";
			sourceTree = "<group>";
		};
		BA13F08720AA26FA004BF8FC /* Resources */ = {
			isa = PBXGroup;
			children = (
				BA39998C20A9E92300383CFB /* Assets.xcassets */,
				BA39999120A9E92300383CFB /* Info.plist */,
			);
			path = Resources;
			sourceTree = "<group>";
		};
		BA13F08820AA2703004BF8FC /* View Controllers */ = {
			isa = PBXGroup;
			children = (
				BA13F08920AA2B86004BF8FC /* Root Nav.swift */,
				BA39998720A9E92200383CFB /* Herman VC.swift */,
			);
			path = "View Controllers";
			sourceTree = "<group>";
		};
		BA13F08B20AA2D1B004BF8FC /* Isaac */ = {
			isa = PBXGroup;
			children = (
				BA13F08620AA26EF004BF8FC /* App Delegate */,
				BA13F08820AA2703004BF8FC /* View Controllers */,
			);
			path = Isaac;
			sourceTree = "<group>";
		};
		BA39997920A9E92200383CFB = {
			isa = PBXGroup;
			children = (
				BA39998420A9E92200383CFB /* Scrappy */,
				BA39998320A9E92200383CFB /* Products */,
				3E4EFF3C863289B15F0057D6 /* Pods */,
				FE5767F0BE3954553E377259 /* Frameworks */,
			);
			sourceTree = "<group>";
		};
		BA39998320A9E92200383CFB /* Products */ = {
			isa = PBXGroup;
			children = (
				BA39998220A9E92200383CFB /* Scrappy.app */,
			);
			name = Products;
			sourceTree = "<group>";
		};
		BA39998420A9E92200383CFB /* Scrappy */ = {
			isa = PBXGroup;
			children = (
				BA05CFDF20AA35EB00021565 /* GoogleService-Info.plist */,
				BA13F08B20AA2D1B004BF8FC /* Isaac */,
				BA13F08720AA26FA004BF8FC /* Resources */,
			);
			path = Scrappy;
			sourceTree = "<group>";
		};
		FE5767F0BE3954553E377259 /* Frameworks */ = {
			isa = PBXGroup;
			children = (
				67BC927EB3D895ABB51477AD /* Pods_Scrappy.framework */,
			);
			name = Frameworks;
			sourceTree = "<group>";
		};
/* End PBXGroup section */

/* Begin PBXNativeTarget section */
		BA39998120A9E92200383CFB /* Scrappy */ = {
			isa = PBXNativeTarget;
			buildConfigurationList = BA39999420A9E92300383CFB /* Build configuration list for PBXNativeTarget "Scrappy" */;
			buildPhases = (
				320E96642E4791E05C4E663C /* [CP] Check Pods Manifest.lock */,
				BA39997E20A9E92200383CFB /* Sources */,
				BA39997F20A9E92200383CFB /* Frameworks */,
				BA39998020A9E92200383CFB /* Resources */,
				1EF0B0EF524927AD47C3EAF0 /* [CP] Embed Pods Frameworks */,
			);
			buildRules = (
			);
			dependencies = (
			);
			name = Scrappy;
			productName = Scrappy;
			productReference = BA39998220A9E92200383CFB /* Scrappy.app */;
			productType = "com.apple.product-type.application";
		};
/* End PBXNativeTarget section */

/* Begin PBXProject section */
		BA39997A20A9E92200383CFB /* Project object */ = {
			isa = PBXProject;
			attributes = {
				LastSwiftUpdateCheck = 0930;
				LastUpgradeCheck = 0930;
				ORGANIZATIONNAME = Isaac;
				TargetAttributes = {
					BA39998120A9E92200383CFB = {
						CreatedOnToolsVersion = 9.3;
					};
				};
			};
			buildConfigurationList = BA39997D20A9E92200383CFB /* Build configuration list for PBXProject "Scrappy" */;
			compatibilityVersion = "Xcode 9.3";
			developmentRegion = en;
			hasScannedForEncodings = 0;
			knownRegions = (
				en,
				Base,
			);
			mainGroup = BA39997920A9E92200383CFB;
			productRefGroup = BA39998320A9E92200383CFB /* Products */;
			projectDirPath = "";
			projectRoot = "";
			targets = (
				BA39998120A9E92200383CFB /* Scrappy */,
			);
		};
/* End PBXProject section */

/* Begin PBXResourcesBuildPhase section */
		BA39998020A9E92200383CFB /* Resources */ = {
			isa = PBXResourcesBuildPhase;
			buildActionMask = 2147483647;
			files = (
				BA39998D20A9E92300383CFB /* Assets.xcassets in Resources */,
				BA05CFE020AA35EB00021565 /* GoogleService-Info.plist in Resources */,
			);
			runOnlyForDeploymentPostprocessing = 0;
		};
/* End PBXResourcesBuildPhase section */

/* Begin PBXShellScriptBuildPhase section */
		1EF0B0EF524927AD47C3EAF0 /* [CP] Embed Pods Frameworks */ = {
			isa = PBXShellScriptBuildPhase;
			buildActionMask = 2147483647;
			files = (
			);
			inputPaths = (
				"${SRCROOT}/Pods/Target Support Files/Pods-Scrappy/Pods-Scrappy-frameworks.sh",
				"${BUILT_PRODUCTS_DIR}/GTMSessionFetcher/GTMSessionFetcher.framework",
				"${BUILT_PRODUCTS_DIR}/GoogleToolboxForMac/GoogleToolboxForMac.framework",
				"${BUILT_PRODUCTS_DIR}/leveldb-library/leveldb.framework",
				"${BUILT_PRODUCTS_DIR}/nanopb/nanopb.framework",
			);
			name = "[CP] Embed Pods Frameworks";
			outputPaths = (
				"${TARGET_BUILD_DIR}/${FRAMEWORKS_FOLDER_PATH}/GTMSessionFetcher.framework",
				"${TARGET_BUILD_DIR}/${FRAMEWORKS_FOLDER_PATH}/GoogleToolboxForMac.framework",
				"${TARGET_BUILD_DIR}/${FRAMEWORKS_FOLDER_PATH}/leveldb.framework",
				"${TARGET_BUILD_DIR}/${FRAMEWORKS_FOLDER_PATH}/nanopb.framework",
			);
			runOnlyForDeploymentPostprocessing = 0;
			shellPath = /bin/sh;
			shellScript = "\"${SRCROOT}/Pods/Target Support Files/Pods-Scrappy/Pods-Scrappy-frameworks.sh\"\n";
			showEnvVarsInLog = 0;
		};
		320E96642E4791E05C4E663C /* [CP] Check Pods Manifest.lock */ = {
			isa = PBXShellScriptBuildPhase;
			buildActionMask = 2147483647;
			files = (
			);
			inputPaths = (
				"${PODS_PODFILE_DIR_PATH}/Podfile.lock",
				"${PODS_ROOT}/Manifest.lock",
			);
			name = "[CP] Check Pods Manifest.lock";
			outputPaths = (
				"$(DERIVED_FILE_DIR)/Pods-Scrappy-checkManifestLockResult.txt",
			);
			runOnlyForDeploymentPostprocessing = 0;
			shellPath = /bin/sh;
			shellScript = "diff \"${PODS_PODFILE_DIR_PATH}/Podfile.lock\" \"${PODS_ROOT}/Manifest.lock\" > /dev/null\nif [ $? != 0 ] ; then\n    # print error to STDERR\n    echo \"error: The sandbox is not in sync with the Podfile.lock. Run 'pod install' or update your CocoaPods installation.\" >&2\n    exit 1\nfi\n# This output is used by Xcode 'outputs' to avoid re-running this script phase.\necho \"SUCCESS\" > \"${SCRIPT_OUTPUT_FILE_0}\"\n";
			showEnvVarsInLog = 0;
		};
/* End PBXShellScriptBuildPhase section */

/* Begin PBXSourcesBuildPhase section */
		BA39997E20A9E92200383CFB /* Sources */ = {
			isa = PBXSourcesBuildPhase;
			buildActionMask = 2147483647;
			files = (
				BA13F08A20AA2B86004BF8FC /* Root Nav.swift in Sources */,
				BA39998820A9E92200383CFB /* Herman VC.swift in Sources */,
				BA39998620A9E92200383CFB /* AppDelegate.swift in Sources */,
			);
			runOnlyForDeploymentPostprocessing = 0;
		};
/* End PBXSourcesBuildPhase section */

/* Begin XCBuildConfiguration section */
		BA39999220A9E92300383CFB /* Debug */ = {
			isa = XCBuildConfiguration;
			buildSettings = {
				ALWAYS_SEARCH_USER_PATHS = NO;
				CLANG_ANALYZER_NONNULL = YES;
				CLANG_ANALYZER_NUMBER_OBJECT_CONVERSION = YES_AGGRESSIVE;
				CLANG_CXX_LANGUAGE_STANDARD = "gnu++14";
				CLANG_CXX_LIBRARY = "libc++";
				CLANG_ENABLE_MODULES = YES;
				CLANG_ENABLE_OBJC_ARC = YES;
				CLANG_ENABLE_OBJC_WEAK = YES;
				CLANG_WARN_BLOCK_CAPTURE_AUTORELEASING = YES;
				CLANG_WARN_BOOL_CONVERSION = YES;
				CLANG_WARN_COMMA = YES;
				CLANG_WARN_CONSTANT_CONVERSION = YES;
				CLANG_WARN_DEPRECATED_OBJC_IMPLEMENTATIONS = YES;
				CLANG_WARN_DIRECT_OBJC_ISA_USAGE = YES_ERROR;
				CLANG_WARN_DOCUMENTATION_COMMENTS = YES;
				CLANG_WARN_EMPTY_BODY = YES;
				CLANG_WARN_ENUM_CONVERSION = YES;
				CLANG_WARN_INFINITE_RECURSION = YES;
				CLANG_WARN_INT_CONVERSION = YES;
				CLANG_WARN_NON_LITERAL_NULL_CONVERSION = YES;
				CLANG_WARN_OBJC_IMPLICIT_RETAIN_SELF = YES;
				CLANG_WARN_OBJC_LITERAL_CONVERSION = YES;
				CLANG_WARN_OBJC_ROOT_CLASS = YES_ERROR;
				CLANG_WARN_RANGE_LOOP_ANALYSIS = YES;
				CLANG_WARN_STRICT_PROTOTYPES = YES;
				CLANG_WARN_SUSPICIOUS_MOVE = YES;
				CLANG_WARN_UNGUARDED_AVAILABILITY = YES_AGGRESSIVE;
				CLANG_WARN_UNREACHABLE_CODE = YES;
				CLANG_WARN__DUPLICATE_METHOD_MATCH = YES;
				CODE_SIGN_IDENTITY = "iPhone Developer";
				COPY_PHASE_STRIP = NO;
				DEBUG_INFORMATION_FORMAT = dwarf;
				ENABLE_STRICT_OBJC_MSGSEND = YES;
				ENABLE_TESTABILITY = YES;
				GCC_C_LANGUAGE_STANDARD = gnu11;
				GCC_DYNAMIC_NO_PIC = NO;
				GCC_NO_COMMON_BLOCKS = YES;
				GCC_OPTIMIZATION_LEVEL = 0;
				GCC_PREPROCESSOR_DEFINITIONS = (
					"DEBUG=1",
					"$(inherited)",
				);
				GCC_WARN_64_TO_32_BIT_CONVERSION = YES;
				GCC_WARN_ABOUT_RETURN_TYPE = YES_ERROR;
				GCC_WARN_UNDECLARED_SELECTOR = YES;
				GCC_WARN_UNINITIALIZED_AUTOS = YES_AGGRESSIVE;
				GCC_WARN_UNUSED_FUNCTION = YES;
				GCC_WARN_UNUSED_VARIABLE = YES;
				IPHONEOS_DEPLOYMENT_TARGET = 11.3;
				MTL_ENABLE_DEBUG_INFO = YES;
				ONLY_ACTIVE_ARCH = YES;
				SDKROOT = iphoneos;
				SWIFT_ACTIVE_COMPILATION_CONDITIONS = DEBUG;
				SWIFT_OPTIMIZATION_LEVEL = "-Onone";
			};
			name = Debug;
		};
		BA39999320A9E92300383CFB /* Release */ = {
			isa = XCBuildConfiguration;
			buildSettings = {
				ALWAYS_SEARCH_USER_PATHS = NO;
				CLANG_ANALYZER_NONNULL = YES;
				CLANG_ANALYZER_NUMBER_OBJECT_CONVERSION = YES_AGGRESSIVE;
				CLANG_CXX_LANGUAGE_STANDARD = "gnu++14";
				CLANG_CXX_LIBRARY = "libc++";
				CLANG_ENABLE_MODULES = YES;
				CLANG_ENABLE_OBJC_ARC = YES;
				CLANG_ENABLE_OBJC_WEAK = YES;
				CLANG_WARN_BLOCK_CAPTURE_AUTORELEASING = YES;
				CLANG_WARN_BOOL_CONVERSION = YES;
				CLANG_WARN_COMMA = YES;
				CLANG_WARN_CONSTANT_CONVERSION = YES;
				CLANG_WARN_DEPRECATED_OBJC_IMPLEMENTATIONS = YES;
				CLANG_WARN_DIRECT_OBJC_ISA_USAGE = YES_ERROR;
				CLANG_WARN_DOCUMENTATION_COMMENTS = YES;
				CLANG_WARN_EMPTY_BODY = YES;
				CLANG_WARN_ENUM_CONVERSION = YES;
				CLANG_WARN_INFINITE_RECURSION = YES;
				CLANG_WARN_INT_CONVERSION = YES;
				CLANG_WARN_NON_LITERAL_NULL_CONVERSION = YES;
				CLANG_WARN_OBJC_IMPLICIT_RETAIN_SELF = YES;
				CLANG_WARN_OBJC_LITERAL_CONVERSION = YES;
				CLANG_WARN_OBJC_ROOT_CLASS = YES_ERROR;
				CLANG_WARN_RANGE_LOOP_ANALYSIS = YES;
				CLANG_WARN_STRICT_PROTOTYPES = YES;
				CLANG_WARN_SUSPICIOUS_MOVE = YES;
				CLANG_WARN_UNGUARDED_AVAILABILITY = YES_AGGRESSIVE;
				CLANG_WARN_UNREACHABLE_CODE = YES;
				CLANG_WARN__DUPLICATE_METHOD_MATCH = YES;
				CODE_SIGN_IDENTITY = "iPhone Developer";
				COPY_PHASE_STRIP = NO;
				DEBUG_INFORMATION_FORMAT = "dwarf-with-dsym";
				ENABLE_NS_ASSERTIONS = NO;
				ENABLE_STRICT_OBJC_MSGSEND = YES;
				GCC_C_LANGUAGE_STANDARD = gnu11;
				GCC_NO_COMMON_BLOCKS = YES;
				GCC_WARN_64_TO_32_BIT_CONVERSION = YES;
				GCC_WARN_ABOUT_RETURN_TYPE = YES_ERROR;
				GCC_WARN_UNDECLARED_SELECTOR = YES;
				GCC_WARN_UNINITIALIZED_AUTOS = YES_AGGRESSIVE;
				GCC_WARN_UNUSED_FUNCTION = YES;
				GCC_WARN_UNUSED_VARIABLE = YES;
				IPHONEOS_DEPLOYMENT_TARGET = 11.3;
				MTL_ENABLE_DEBUG_INFO = NO;
				SDKROOT = iphoneos;
				SWIFT_COMPILATION_MODE = wholemodule;
				SWIFT_OPTIMIZATION_LEVEL = "-O";
				VALIDATE_PRODUCT = YES;
			};
			name = Release;
		};
		BA39999520A9E92300383CFB /* Debug */ = {
			isa = XCBuildConfiguration;
			baseConfigurationReference = A357D38E9E88116E4DD23C03 /* Pods-Scrappy.debug.xcconfig */;
			buildSettings = {
				ASSETCATALOG_COMPILER_APPICON_NAME = AppIcon;
				CODE_SIGN_STYLE = Automatic;
				DEVELOPMENT_TEAM = SRSHZ764K7;
				INFOPLIST_FILE = "$(SRCROOT)/Scrappy/Resources/Info.plist";
				LD_RUNPATH_SEARCH_PATHS = (
					"$(inherited)",
					"@executable_path/Frameworks",
				);
				PRODUCT_BUNDLE_IDENTIFIER = com.isaac.Scrappy;
				PRODUCT_NAME = "$(TARGET_NAME)";
				SWIFT_VERSION = 4.0;
				TARGETED_DEVICE_FAMILY = "1,2";
			};
			name = Debug;
		};
		BA39999620A9E92300383CFB /* Release */ = {
			isa = XCBuildConfiguration;
			baseConfigurationReference = 628AE67FCF76F9488F2909E0 /* Pods-Scrappy.release.xcconfig */;
			buildSettings = {
				ASSETCATALOG_COMPILER_APPICON_NAME = AppIcon;
				CODE_SIGN_STYLE = Automatic;
				DEVELOPMENT_TEAM = SRSHZ764K7;
				INFOPLIST_FILE = "$(SRCROOT)/Scrappy/Resources/Info.plist";
				LD_RUNPATH_SEARCH_PATHS = (
					"$(inherited)",
					"@executable_path/Frameworks",
				);
				PRODUCT_BUNDLE_IDENTIFIER = com.isaac.Scrappy;
				PRODUCT_NAME = "$(TARGET_NAME)";
				SWIFT_VERSION = 4.0;
				TARGETED_DEVICE_FAMILY = "1,2";
			};
			name = Release;
		};
/* End XCBuildConfiguration section */

/* Begin XCConfigurationList section */
		BA39997D20A9E92200383CFB /* Build configuration list for PBXProject "Scrappy" */ = {
			isa = XCConfigurationList;
			buildConfigurations = (
				BA39999220A9E92300383CFB /* Debug */,
				BA39999320A9E92300383CFB /* Release */,
			);
			defaultConfigurationIsVisible = 0;
			defaultConfigurationName = Release;
		};
		BA39999420A9E92300383CFB /* Build configuration list for PBXNativeTarget "Scrappy" */ = {
			isa = XCConfigurationList;
			buildConfigurations = (
				BA39999520A9E92300383CFB /* Debug */,
				BA39999620A9E92300383CFB /* Release */,
			);
			defaultConfigurationIsVisible = 0;
			defaultConfigurationName = Release;
		};
/* End XCConfigurationList section */
	};
	rootObject = BA39997A20A9E92200383CFB /* Project object */;
}
