// !$*UTF8*$!
{
	archiveVersion = 1;
	classes = {
	};
	objectVersion = 50;
	objects = {

/* Begin PBXBuildFile section */
		48CF927101978D225DA1BF8B /* Pods_Scrappy.framework in Frameworks */ = {isa = PBXBuildFile; fileRef = 67BC927EB3D895ABB51477AD /* Pods_Scrappy.framework */; };
		5D0FD43B20AB3E2200E90F0E /* ForgotPasswordViewController.swift in Sources */ = {isa = PBXBuildFile; fileRef = 5D0FD43A20AB3E2200E90F0E /* ForgotPasswordViewController.swift */; };
		5D43504320AB9486001132B6 /* ProfileSettingViewController.swift in Sources */ = {isa = PBXBuildFile; fileRef = 5D43504220AB9486001132B6 /* ProfileSettingViewController.swift */; };
		5D43504520ACA5A2001132B6 /* ProfileSettingCollectionViewCell.swift in Sources */ = {isa = PBXBuildFile; fileRef = 5D43504420ACA5A2001132B6 /* ProfileSettingCollectionViewCell.swift */; };
		5D54DB9920AA584A00CACAF7 /* LoginViewController.swift in Sources */ = {isa = PBXBuildFile; fileRef = 5D54DB9820AA584A00CACAF7 /* LoginViewController.swift */; };
		5D54DB9B20AA585B00CACAF7 /* SignupViewController.swift in Sources */ = {isa = PBXBuildFile; fileRef = 5D54DB9A20AA585B00CACAF7 /* SignupViewController.swift */; };
		5D5BB1ED20ACDC1600EDA8C9 /* Users.swift in Sources */ = {isa = PBXBuildFile; fileRef = 5D5BB1EC20ACDC1600EDA8C9 /* Users.swift */; };
		5D5BB1EF20ACDC1F00EDA8C9 /* Item.swift in Sources */ = {isa = PBXBuildFile; fileRef = 5D5BB1EE20ACDC1F00EDA8C9 /* Item.swift */; };
		5D5BB1F120ACDC2600EDA8C9 /* Category.swift in Sources */ = {isa = PBXBuildFile; fileRef = 5D5BB1F020ACDC2600EDA8C9 /* Category.swift */; };
		5DC5904E20AA942D00992A33 /* fa-solid-900.ttf in Resources */ = {isa = PBXBuildFile; fileRef = 5DC5904D20AA942D00992A33 /* fa-solid-900.ttf */; };
		BA05CFE020AA35EB00021565 /* GoogleService-Info.plist in Resources */ = {isa = PBXBuildFile; fileRef = BA05CFDF20AA35EB00021565 /* GoogleService-Info.plist */; };
		BA13F08A20AA2B86004BF8FC /* Root Nav.swift in Sources */ = {isa = PBXBuildFile; fileRef = BA13F08920AA2B86004BF8FC /* Root Nav.swift */; };
		BA1E7DCA20AA53050008FF74 /* Scrappy VC.swift in Sources */ = {isa = PBXBuildFile; fileRef = BA1E7DC920AA53050008FF74 /* Scrappy VC.swift */; };
		BA39998620A9E92200383CFB /* AppDelegate.swift in Sources */ = {isa = PBXBuildFile; fileRef = BA39998520A9E92200383CFB /* AppDelegate.swift */; };
		BA39998D20A9E92300383CFB /* Assets.xcassets in Resources */ = {isa = PBXBuildFile; fileRef = BA39998C20A9E92300383CFB /* Assets.xcassets */; };
		BA97FED220AC95B1003BF19D /* Home VC.swift in Sources */ = {isa = PBXBuildFile; fileRef = BA97FED120AC95B1003BF19D /* Home VC.swift */; };
		BA97FED420ACA08B003BF19D /* UIImageViewEx.swift in Sources */ = {isa = PBXBuildFile; fileRef = BA97FED320ACA08B003BF19D /* UIImageViewEx.swift */; };
		BA97FED720ACBEEF003BF19D /* UIColorEx.swift in Sources */ = {isa = PBXBuildFile; fileRef = BA97FED620ACBEEF003BF19D /* UIColorEx.swift */; };
		BA97FED920ACC2AA003BF19D /* Home Cell.swift in Sources */ = {isa = PBXBuildFile; fileRef = BA97FED820ACC2AA003BF19D /* Home Cell.swift */; };
		BAB0DE0E20AB88580020C200 /* Custom Nav VC.swift in Sources */ = {isa = PBXBuildFile; fileRef = BAB0DE0D20AB88580020C200 /* Custom Nav VC.swift */; };
		BAB0DE1120AB88840020C200 /* Copy & Paste.swift in Sources */ = {isa = PBXBuildFile; fileRef = BAB0DE1020AB88840020C200 /* Copy & Paste.swift */; };
		BAF35B7520AD6C0400CE3A87 /* CircularTransition.swift in Sources */ = {isa = PBXBuildFile; fileRef = BAF35B7420AD6C0400CE3A87 /* CircularTransition.swift */; };
		BAF35B7720AEBE8900CE3A87 /* Cart VC.swift in Sources */ = {isa = PBXBuildFile; fileRef = BAF35B7620AEBE8900CE3A87 /* Cart VC.swift */; };
		BAF35B7A20AEBEA700CE3A87 /* Checkout VC.swift in Sources */ = {isa = PBXBuildFile; fileRef = BAF35B7920AEBEA700CE3A87 /* Checkout VC.swift */; };
		BAF35B7D20AEC7B900CE3A87 /* Cart Cell.swift in Sources */ = {isa = PBXBuildFile; fileRef = BAF35B7C20AEC7B900CE3A87 /* Cart Cell.swift */; };
		BF31588C20AB9195008EA7E5 /* DetailCollectionViewController.swift in Sources */ = {isa = PBXBuildFile; fileRef = BF31588720AB9195008EA7E5 /* DetailCollectionViewController.swift */; };
		BF31588D20AB9195008EA7E5 /* AllImagesCell.swift in Sources */ = {isa = PBXBuildFile; fileRef = BF31588820AB9195008EA7E5 /* AllImagesCell.swift */; };
		BF31588F20AB9195008EA7E5 /* TopSellerImageCell.swift in Sources */ = {isa = PBXBuildFile; fileRef = BF31588A20AB9195008EA7E5 /* TopSellerImageCell.swift */; };
		BF31589020AB9195008EA7E5 /* CollectionViewController.swift in Sources */ = {isa = PBXBuildFile; fileRef = BF31588B20AB9195008EA7E5 /* CollectionViewController.swift */; };
/* End PBXBuildFile section */

/* Begin PBXFileReference section */
		5D0FD43A20AB3E2200E90F0E /* ForgotPasswordViewController.swift */ = {isa = PBXFileReference; lastKnownFileType = sourcecode.swift; path = ForgotPasswordViewController.swift; sourceTree = "<group>"; };
		5D43504220AB9486001132B6 /* ProfileSettingViewController.swift */ = {isa = PBXFileReference; lastKnownFileType = sourcecode.swift; path = ProfileSettingViewController.swift; sourceTree = "<group>"; };
		5D43504420ACA5A2001132B6 /* ProfileSettingCollectionViewCell.swift */ = {isa = PBXFileReference; lastKnownFileType = sourcecode.swift; path = ProfileSettingCollectionViewCell.swift; sourceTree = "<group>"; };
		5D54DB9820AA584A00CACAF7 /* LoginViewController.swift */ = {isa = PBXFileReference; lastKnownFileType = sourcecode.swift; path = LoginViewController.swift; sourceTree = "<group>"; };
		5D54DB9A20AA585B00CACAF7 /* SignupViewController.swift */ = {isa = PBXFileReference; lastKnownFileType = sourcecode.swift; path = SignupViewController.swift; sourceTree = "<group>"; };
		5D5BB1EC20ACDC1600EDA8C9 /* Users.swift */ = {isa = PBXFileReference; lastKnownFileType = sourcecode.swift; path = Users.swift; sourceTree = "<group>"; };
		5D5BB1EE20ACDC1F00EDA8C9 /* Item.swift */ = {isa = PBXFileReference; lastKnownFileType = sourcecode.swift; path = Item.swift; sourceTree = "<group>"; };
		5D5BB1F020ACDC2600EDA8C9 /* Category.swift */ = {isa = PBXFileReference; lastKnownFileType = sourcecode.swift; path = Category.swift; sourceTree = "<group>"; };
		5DC5904D20AA942D00992A33 /* fa-solid-900.ttf */ = {isa = PBXFileReference; lastKnownFileType = file; path = "fa-solid-900.ttf"; sourceTree = "<group>"; };
		628AE67FCF76F9488F2909E0 /* Pods-Scrappy.release.xcconfig */ = {isa = PBXFileReference; includeInIndex = 1; lastKnownFileType = text.xcconfig; name = "Pods-Scrappy.release.xcconfig"; path = "Pods/Target Support Files/Pods-Scrappy/Pods-Scrappy.release.xcconfig"; sourceTree = "<group>"; };
		67BC927EB3D895ABB51477AD /* Pods_Scrappy.framework */ = {isa = PBXFileReference; explicitFileType = wrapper.framework; includeInIndex = 0; path = Pods_Scrappy.framework; sourceTree = BUILT_PRODUCTS_DIR; };
		A357D38E9E88116E4DD23C03 /* Pods-Scrappy.debug.xcconfig */ = {isa = PBXFileReference; includeInIndex = 1; lastKnownFileType = text.xcconfig; name = "Pods-Scrappy.debug.xcconfig"; path = "Pods/Target Support Files/Pods-Scrappy/Pods-Scrappy.debug.xcconfig"; sourceTree = "<group>"; };
		BA05CFDF20AA35EB00021565 /* GoogleService-Info.plist */ = {isa = PBXFileReference; fileEncoding = 4; lastKnownFileType = text.plist.xml; path = "GoogleService-Info.plist"; sourceTree = "<group>"; };
		BA13F08920AA2B86004BF8FC /* Root Nav.swift */ = {isa = PBXFileReference; lastKnownFileType = sourcecode.swift; path = "Root Nav.swift"; sourceTree = "<group>"; };
		BA1E7DC920AA53050008FF74 /* Scrappy VC.swift */ = {isa = PBXFileReference; lastKnownFileType = sourcecode.swift; path = "Scrappy VC.swift"; sourceTree = "<group>"; };
		BA39998220A9E92200383CFB /* Scrappy.app */ = {isa = PBXFileReference; explicitFileType = wrapper.application; includeInIndex = 0; path = Scrappy.app; sourceTree = BUILT_PRODUCTS_DIR; };
		BA39998520A9E92200383CFB /* AppDelegate.swift */ = {isa = PBXFileReference; lastKnownFileType = sourcecode.swift; path = AppDelegate.swift; sourceTree = "<group>"; };
		BA39998C20A9E92300383CFB /* Assets.xcassets */ = {isa = PBXFileReference; lastKnownFileType = folder.assetcatalog; path = Assets.xcassets; sourceTree = "<group>"; };
		BA39999120A9E92300383CFB /* Info.plist */ = {isa = PBXFileReference; lastKnownFileType = text.plist.xml; path = Info.plist; sourceTree = "<group>"; };
		BA97FED120AC95B1003BF19D /* Home VC.swift */ = {isa = PBXFileReference; lastKnownFileType = sourcecode.swift; path = "Home VC.swift"; sourceTree = "<group>"; };
		BA97FED320ACA08B003BF19D /* UIImageViewEx.swift */ = {isa = PBXFileReference; lastKnownFileType = sourcecode.swift; path = UIImageViewEx.swift; sourceTree = "<group>"; };
		BA97FED620ACBEEF003BF19D /* UIColorEx.swift */ = {isa = PBXFileReference; lastKnownFileType = sourcecode.swift; path = UIColorEx.swift; sourceTree = "<group>"; };
		BA97FED820ACC2AA003BF19D /* Home Cell.swift */ = {isa = PBXFileReference; lastKnownFileType = sourcecode.swift; path = "Home Cell.swift"; sourceTree = "<group>"; };
		BAB0DE0D20AB88580020C200 /* Custom Nav VC.swift */ = {isa = PBXFileReference; lastKnownFileType = sourcecode.swift; path = "Custom Nav VC.swift"; sourceTree = "<group>"; };
		BAB0DE1020AB88840020C200 /* Copy & Paste.swift */ = {isa = PBXFileReference; lastKnownFileType = sourcecode.swift; path = "Copy & Paste.swift"; sourceTree = "<group>"; };
		BAF35B7420AD6C0400CE3A87 /* CircularTransition.swift */ = {isa = PBXFileReference; lastKnownFileType = sourcecode.swift; path = CircularTransition.swift; sourceTree = "<group>"; };
		BAF35B7620AEBE8900CE3A87 /* Cart VC.swift */ = {isa = PBXFileReference; lastKnownFileType = sourcecode.swift; path = "Cart VC.swift"; sourceTree = "<group>"; };
		BAF35B7920AEBEA700CE3A87 /* Checkout VC.swift */ = {isa = PBXFileReference; lastKnownFileType = sourcecode.swift; path = "Checkout VC.swift"; sourceTree = "<group>"; };
		BAF35B7C20AEC7B900CE3A87 /* Cart Cell.swift */ = {isa = PBXFileReference; lastKnownFileType = sourcecode.swift; path = "Cart Cell.swift"; sourceTree = "<group>"; };
		BF31588720AB9195008EA7E5 /* DetailCollectionViewController.swift */ = {isa = PBXFileReference; fileEncoding = 4; lastKnownFileType = sourcecode.swift; path = DetailCollectionViewController.swift; sourceTree = "<group>"; };
		BF31588820AB9195008EA7E5 /* AllImagesCell.swift */ = {isa = PBXFileReference; fileEncoding = 4; lastKnownFileType = sourcecode.swift; path = AllImagesCell.swift; sourceTree = "<group>"; };
		BF31588A20AB9195008EA7E5 /* TopSellerImageCell.swift */ = {isa = PBXFileReference; fileEncoding = 4; lastKnownFileType = sourcecode.swift; path = TopSellerImageCell.swift; sourceTree = "<group>"; };
		BF31588B20AB9195008EA7E5 /* CollectionViewController.swift */ = {isa = PBXFileReference; fileEncoding = 4; lastKnownFileType = sourcecode.swift; path = CollectionViewController.swift; sourceTree = "<group>"; };
/* End PBXFileReference section */

/* Begin PBXFrameworksBuildPhase section */
		BA39997F20A9E92200383CFB /* Frameworks */ = {
			isa = PBXFrameworksBuildPhase;
			buildActionMask = 2147483647;
			files = (
				48CF927101978D225DA1BF8B /* Pods_Scrappy.framework in Frameworks */,
			);
			runOnlyForDeploymentPostprocessing = 0;
		};
/* End PBXFrameworksBuildPhase section */

/* Begin PBXGroup section */
		3E4EFF3C863289B15F0057D6 /* Pods */ = {
			isa = PBXGroup;
			children = (
				A357D38E9E88116E4DD23C03 /* Pods-Scrappy.debug.xcconfig */,
				628AE67FCF76F9488F2909E0 /* Pods-Scrappy.release.xcconfig */,
			);
			name = Pods;
			sourceTree = "<group>";
		};
		5D54DB9120AA43B500CACAF7 /* Herman */ = {
			isa = PBXGroup;
			children = (
				5D54DB9820AA584A00CACAF7 /* LoginViewController.swift */,
				5D54DB9A20AA585B00CACAF7 /* SignupViewController.swift */,
				5D0FD43A20AB3E2200E90F0E /* ForgotPasswordViewController.swift */,
				5D43504220AB9486001132B6 /* ProfileSettingViewController.swift */,
				5D43504420ACA5A2001132B6 /* ProfileSettingCollectionViewCell.swift */,
				5D5BB1F220ACDD1C00EDA8C9 /* Model */,
			);
			path = Herman;
			sourceTree = "<group>";
		};
		5D5BB1F220ACDD1C00EDA8C9 /* Model */ = {
			isa = PBXGroup;
			children = (
				5D5BB1EC20ACDC1600EDA8C9 /* Users.swift */,
				5D5BB1EE20ACDC1F00EDA8C9 /* Item.swift */,
				5D5BB1F020ACDC2600EDA8C9 /* Category.swift */,
			);
			path = Model;
			sourceTree = "<group>";
		};
		BA13F08620AA26EF004BF8FC /* App Delegate */ = {
			isa = PBXGroup;
			children = (
				BA39998520A9E92200383CFB /* AppDelegate.swift */,
				BA1E7DC920AA53050008FF74 /* Scrappy VC.swift */,
			);
			path = "App Delegate";
			sourceTree = "<group>";
		};
		BA13F08720AA26FA004BF8FC /* Resources */ = {
			isa = PBXGroup;
			children = (
				5DC5904D20AA942D00992A33 /* fa-solid-900.ttf */,
				BA39998C20A9E92300383CFB /* Assets.xcassets */,
				BA39999120A9E92300383CFB /* Info.plist */,
			);
			path = Resources;
			sourceTree = "<group>";
		};
		BA13F08820AA2703004BF8FC /* View Controllers */ = {
			isa = PBXGroup;
			children = (
				BA13F08920AA2B86004BF8FC /* Root Nav.swift */,
				BA97FED120AC95B1003BF19D /* Home VC.swift */,
				BA97FED820ACC2AA003BF19D /* Home Cell.swift */,
			);
			path = "View Controllers";
			sourceTree = "<group>";
		};
		BA13F08B20AA2D1B004BF8FC /* Isaac */ = {
			isa = PBXGroup;
			children = (
				BA13F08620AA26EF004BF8FC /* App Delegate */,
				BA13F08820AA2703004BF8FC /* View Controllers */,
				BAB0DE0F20AB88620020C200 /* Custom Nav */,
				BAF35B7820AEBE9200CE3A87 /* Cart */,
				BAF35B7B20AEC59800CE3A87 /* Checkout */,
				BA97FED520ACA091003BF19D /* Supporting Functions */,
			);
			path = Isaac;
			sourceTree = "<group>";
		};
		BA39997920A9E92200383CFB = {
			isa = PBXGroup;
			children = (
				BA39998420A9E92200383CFB /* Scrappy */,
				BA39998320A9E92200383CFB /* Products */,
				3E4EFF3C863289B15F0057D6 /* Pods */,
				FE5767F0BE3954553E377259 /* Frameworks */,
			);
			sourceTree = "<group>";
		};
		BA39998320A9E92200383CFB /* Products */ = {
			isa = PBXGroup;
			children = (
				BA39998220A9E92200383CFB /* Scrappy.app */,
			);
			name = Products;
			sourceTree = "<group>";
		};
		BA39998420A9E92200383CFB /* Scrappy */ = {
			isa = PBXGroup;
			children = (
				BA05CFDF20AA35EB00021565 /* GoogleService-Info.plist */,
				BA13F08B20AA2D1B004BF8FC /* Isaac */,
				5D54DB9120AA43B500CACAF7 /* Herman */,
				BF31588620AB916B008EA7E5 /* Spencer */,
				BA13F08720AA26FA004BF8FC /* Resources */,
			);
			path = Scrappy;
			sourceTree = "<group>";
		};
		BA97FED520ACA091003BF19D /* Supporting Functions */ = {
			isa = PBXGroup;
			children = (
				BA97FED320ACA08B003BF19D /* UIImageViewEx.swift */,
				BA97FED620ACBEEF003BF19D /* UIColorEx.swift */,
				BAF35B7420AD6C0400CE3A87 /* CircularTransition.swift */,
			);
			path = "Supporting Functions";
			sourceTree = "<group>";
		};
		BAB0DE0F20AB88620020C200 /* Custom Nav */ = {
			isa = PBXGroup;
			children = (
				BAB0DE0D20AB88580020C200 /* Custom Nav VC.swift */,
				BAB0DE1020AB88840020C200 /* Copy & Paste.swift */,
			);
			path = "Custom Nav";
			sourceTree = "<group>";
		};
		BAF35B7820AEBE9200CE3A87 /* Cart */ = {
			isa = PBXGroup;
			children = (
				BAF35B7620AEBE8900CE3A87 /* Cart VC.swift */,
				BAF35B7C20AEC7B900CE3A87 /* Cart Cell.swift */,
			);
			path = Cart;
			sourceTree = "<group>";
		};
		BAF35B7B20AEC59800CE3A87 /* Checkout */ = {
			isa = PBXGroup;
			children = (
				BAF35B7920AEBEA700CE3A87 /* Checkout VC.swift */,
			);
			path = Checkout;
			sourceTree = "<group>";
		};
		BF31588620AB916B008EA7E5 /* Spencer */ = {
			isa = PBXGroup;
			children = (
				BF31588A20AB9195008EA7E5 /* TopSellerImageCell.swift */,
				BF31588820AB9195008EA7E5 /* AllImagesCell.swift */,
				BF31588B20AB9195008EA7E5 /* CollectionViewController.swift */,
				BF31588720AB9195008EA7E5 /* DetailCollectionViewController.swift */,
			);
			path = Spencer;
			sourceTree = "<group>";
		};
		FE5767F0BE3954553E377259 /* Frameworks */ = {
			isa = PBXGroup;
			children = (
				67BC927EB3D895ABB51477AD /* Pods_Scrappy.framework */,
			);
			name = Frameworks;
			sourceTree = "<group>";
		};
/* End PBXGroup section */

/* Begin PBXNativeTarget section */
		BA39998120A9E92200383CFB /* Scrappy */ = {
			isa = PBXNativeTarget;
			buildConfigurationList = BA39999420A9E92300383CFB /* Build configuration list for PBXNativeTarget "Scrappy" */;
			buildPhases = (
				320E96642E4791E05C4E663C /* [CP] Check Pods Manifest.lock */,
				BA39997E20A9E92200383CFB /* Sources */,
				BA39997F20A9E92200383CFB /* Frameworks */,
				BA39998020A9E92200383CFB /* Resources */,
				1EF0B0EF524927AD47C3EAF0 /* [CP] Embed Pods Frameworks */,
			);
			buildRules = (
			);
			dependencies = (
			);
			name = Scrappy;
			productName = Scrappy;
			productReference = BA39998220A9E92200383CFB /* Scrappy.app */;
			productType = "com.apple.product-type.application";
		};
/* End PBXNativeTarget section */

/* Begin PBXProject section */
		BA39997A20A9E92200383CFB /* Project object */ = {
			isa = PBXProject;
			attributes = {
				LastSwiftUpdateCheck = 0930;
				LastUpgradeCheck = 0930;
				ORGANIZATIONNAME = Isaac;
				TargetAttributes = {
					BA39998120A9E92200383CFB = {
						CreatedOnToolsVersion = 9.3;
					};
				};
			};
			buildConfigurationList = BA39997D20A9E92200383CFB /* Build configuration list for PBXProject "Scrappy" */;
			compatibilityVersion = "Xcode 9.3";
			developmentRegion = en;
			hasScannedForEncodings = 0;
			knownRegions = (
				en,
				Base,
			);
			mainGroup = BA39997920A9E92200383CFB;
			productRefGroup = BA39998320A9E92200383CFB /* Products */;
			projectDirPath = "";
			projectRoot = "";
			targets = (
				BA39998120A9E92200383CFB /* Scrappy */,
			);
		};
/* End PBXProject section */

/* Begin PBXResourcesBuildPhase section */
		BA39998020A9E92200383CFB /* Resources */ = {
			isa = PBXResourcesBuildPhase;
			buildActionMask = 2147483647;
			files = (
				5DC5904E20AA942D00992A33 /* fa-solid-900.ttf in Resources */,
				BA39998D20A9E92300383CFB /* Assets.xcassets in Resources */,
				BA05CFE020AA35EB00021565 /* GoogleService-Info.plist in Resources */,
			);
			runOnlyForDeploymentPostprocessing = 0;
		};
/* End PBXResourcesBuildPhase section */

/* Begin PBXShellScriptBuildPhase section */
		1EF0B0EF524927AD47C3EAF0 /* [CP] Embed Pods Frameworks */ = {
			isa = PBXShellScriptBuildPhase;
			buildActionMask = 2147483647;
			files = (
			);
			inputPaths = (
				"${SRCROOT}/Pods/Target Support Files/Pods-Scrappy/Pods-Scrappy-frameworks.sh",
				"${BUILT_PRODUCTS_DIR}/GTMSessionFetcher/GTMSessionFetcher.framework",
				"${BUILT_PRODUCTS_DIR}/GoogleToolboxForMac/GoogleToolboxForMac.framework",
				"${BUILT_PRODUCTS_DIR}/SkyFloatingLabelTextField/SkyFloatingLabelTextField.framework",
				"${BUILT_PRODUCTS_DIR}/leveldb-library/leveldb.framework",
				"${BUILT_PRODUCTS_DIR}/nanopb/nanopb.framework",
			);
			name = "[CP] Embed Pods Frameworks";
			outputPaths = (
				"${TARGET_BUILD_DIR}/${FRAMEWORKS_FOLDER_PATH}/GTMSessionFetcher.framework",
				"${TARGET_BUILD_DIR}/${FRAMEWORKS_FOLDER_PATH}/GoogleToolboxForMac.framework",
				"${TARGET_BUILD_DIR}/${FRAMEWORKS_FOLDER_PATH}/SkyFloatingLabelTextField.framework",
				"${TARGET_BUILD_DIR}/${FRAMEWORKS_FOLDER_PATH}/leveldb.framework",
				"${TARGET_BUILD_DIR}/${FRAMEWORKS_FOLDER_PATH}/nanopb.framework",
			);
			runOnlyForDeploymentPostprocessing = 0;
			shellPath = /bin/sh;
			shellScript = "\"${SRCROOT}/Pods/Target Support Files/Pods-Scrappy/Pods-Scrappy-frameworks.sh\"\n";
			showEnvVarsInLog = 0;
		};
		320E96642E4791E05C4E663C /* [CP] Check Pods Manifest.lock */ = {
			isa = PBXShellScriptBuildPhase;
			buildActionMask = 2147483647;
			files = (
			);
			inputPaths = (
				"${PODS_PODFILE_DIR_PATH}/Podfile.lock",
				"${PODS_ROOT}/Manifest.lock",
			);
			name = "[CP] Check Pods Manifest.lock";
			outputPaths = (
				"$(DERIVED_FILE_DIR)/Pods-Scrappy-checkManifestLockResult.txt",
			);
			runOnlyForDeploymentPostprocessing = 0;
			shellPath = /bin/sh;
			shellScript = "diff \"${PODS_PODFILE_DIR_PATH}/Podfile.lock\" \"${PODS_ROOT}/Manifest.lock\" > /dev/null\nif [ $? != 0 ] ; then\n    # print error to STDERR\n    echo \"error: The sandbox is not in sync with the Podfile.lock. Run 'pod install' or update your CocoaPods installation.\" >&2\n    exit 1\nfi\n# This output is used by Xcode 'outputs' to avoid re-running this script phase.\necho \"SUCCESS\" > \"${SCRIPT_OUTPUT_FILE_0}\"\n";
			showEnvVarsInLog = 0;
		};
/* End PBXShellScriptBuildPhase section */

/* Begin PBXSourcesBuildPhase section */
		BA39997E20A9E92200383CFB /* Sources */ = {
			isa = PBXSourcesBuildPhase;
			buildActionMask = 2147483647;
			files = (
				BF31589020AB9195008EA7E5 /* CollectionViewController.swift in Sources */,
				BA1E7DCA20AA53050008FF74 /* Scrappy VC.swift in Sources */,
				BAB0DE1120AB88840020C200 /* Copy & Paste.swift in Sources */,
				BAB0DE0E20AB88580020C200 /* Custom Nav VC.swift in Sources */,
				BAF35B7A20AEBEA700CE3A87 /* Checkout VC.swift in Sources */,
				5D5BB1EF20ACDC1F00EDA8C9 /* Item.swift in Sources */,
				BA97FED720ACBEEF003BF19D /* UIColorEx.swift in Sources */,
				BA97FED220AC95B1003BF19D /* Home VC.swift in Sources */,
				BA13F08A20AA2B86004BF8FC /* Root Nav.swift in Sources */,
				5D0FD43B20AB3E2200E90F0E /* ForgotPasswordViewController.swift in Sources */,
				5D54DB9B20AA585B00CACAF7 /* SignupViewController.swift in Sources */,
				BF31588C20AB9195008EA7E5 /* DetailCollectionViewController.swift in Sources */,
				BF31588F20AB9195008EA7E5 /* TopSellerImageCell.swift in Sources */,
				5D5BB1ED20ACDC1600EDA8C9 /* Users.swift in Sources */,
				BF31588D20AB9195008EA7E5 /* AllImagesCell.swift in Sources */,
				BAF35B7720AEBE8900CE3A87 /* Cart VC.swift in Sources */,
				BA97FED420ACA08B003BF19D /* UIImageViewEx.swift in Sources */,
				BAF35B7D20AEC7B900CE3A87 /* Cart Cell.swift in Sources */,
				BA39998620A9E92200383CFB /* AppDelegate.swift in Sources */,
				BAF35B7520AD6C0400CE3A87 /* CircularTransition.swift in Sources */,
				BA97FED920ACC2AA003BF19D /* Home Cell.swift in Sources */,
				5D54DB9920AA584A00CACAF7 /* LoginViewController.swift in Sources */,
				5D43504320AB9486001132B6 /* ProfileSettingViewController.swift in Sources */,
				5D43504520ACA5A2001132B6 /* ProfileSettingCollectionViewCell.swift in Sources */,
				5D5BB1F120ACDC2600EDA8C9 /* Category.swift in Sources */,
			);
			runOnlyForDeploymentPostprocessing = 0;
		};
/* End PBXSourcesBuildPhase section */

/* Begin XCBuildConfiguration section */
		BA39999220A9E92300383CFB /* Debug */ = {
			isa = XCBuildConfiguration;
			buildSettings = {
				ALWAYS_SEARCH_USER_PATHS = NO;
				CLANG_ANALYZER_NONNULL = YES;
				CLANG_ANALYZER_NUMBER_OBJECT_CONVERSION = YES_AGGRESSIVE;
				CLANG_CXX_LANGUAGE_STANDARD = "gnu++14";
				CLANG_CXX_LIBRARY = "libc++";
				CLANG_ENABLE_MODULES = YES;
				CLANG_ENABLE_OBJC_ARC = YES;
				CLANG_ENABLE_OBJC_WEAK = YES;
				CLANG_WARN_BLOCK_CAPTURE_AUTORELEASING = YES;
				CLANG_WARN_BOOL_CONVERSION = YES;
				CLANG_WARN_COMMA = YES;
				CLANG_WARN_CONSTANT_CONVERSION = YES;
				CLANG_WARN_DEPRECATED_OBJC_IMPLEMENTATIONS = YES;
				CLANG_WARN_DIRECT_OBJC_ISA_USAGE = YES_ERROR;
				CLANG_WARN_DOCUMENTATION_COMMENTS = YES;
				CLANG_WARN_EMPTY_BODY = YES;
				CLANG_WARN_ENUM_CONVERSION = YES;
				CLANG_WARN_INFINITE_RECURSION = YES;
				CLANG_WARN_INT_CONVERSION = YES;
				CLANG_WARN_NON_LITERAL_NULL_CONVERSION = YES;
				CLANG_WARN_OBJC_IMPLICIT_RETAIN_SELF = YES;
				CLANG_WARN_OBJC_LITERAL_CONVERSION = YES;
				CLANG_WARN_OBJC_ROOT_CLASS = YES_ERROR;
				CLANG_WARN_RANGE_LOOP_ANALYSIS = YES;
				CLANG_WARN_STRICT_PROTOTYPES = YES;
				CLANG_WARN_SUSPICIOUS_MOVE = YES;
				CLANG_WARN_UNGUARDED_AVAILABILITY = YES_AGGRESSIVE;
				CLANG_WARN_UNREACHABLE_CODE = YES;
				CLANG_WARN__DUPLICATE_METHOD_MATCH = YES;
				CODE_SIGN_IDENTITY = "iPhone Developer";
				COPY_PHASE_STRIP = NO;
				DEBUG_INFORMATION_FORMAT = dwarf;
				ENABLE_STRICT_OBJC_MSGSEND = YES;
				ENABLE_TESTABILITY = YES;
				GCC_C_LANGUAGE_STANDARD = gnu11;
				GCC_DYNAMIC_NO_PIC = NO;
				GCC_NO_COMMON_BLOCKS = YES;
				GCC_OPTIMIZATION_LEVEL = 0;
				GCC_PREPROCESSOR_DEFINITIONS = (
					"DEBUG=1",
					"$(inherited)",
				);
				GCC_WARN_64_TO_32_BIT_CONVERSION = YES;
				GCC_WARN_ABOUT_RETURN_TYPE = YES_ERROR;
				GCC_WARN_UNDECLARED_SELECTOR = YES;
				GCC_WARN_UNINITIALIZED_AUTOS = YES_AGGRESSIVE;
				GCC_WARN_UNUSED_FUNCTION = YES;
				GCC_WARN_UNUSED_VARIABLE = YES;
				IPHONEOS_DEPLOYMENT_TARGET = 11.3;
				MTL_ENABLE_DEBUG_INFO = YES;
				ONLY_ACTIVE_ARCH = YES;
				SDKROOT = iphoneos;
				SWIFT_ACTIVE_COMPILATION_CONDITIONS = DEBUG;
				SWIFT_OPTIMIZATION_LEVEL = "-Onone";
			};
			name = Debug;
		};
		BA39999320A9E92300383CFB /* Release */ = {
			isa = XCBuildConfiguration;
			buildSettings = {
				ALWAYS_SEARCH_USER_PATHS = NO;
				CLANG_ANALYZER_NONNULL = YES;
				CLANG_ANALYZER_NUMBER_OBJECT_CONVERSION = YES_AGGRESSIVE;
				CLANG_CXX_LANGUAGE_STANDARD = "gnu++14";
				CLANG_CXX_LIBRARY = "libc++";
				CLANG_ENABLE_MODULES = YES;
				CLANG_ENABLE_OBJC_ARC = YES;
				CLANG_ENABLE_OBJC_WEAK = YES;
				CLANG_WARN_BLOCK_CAPTURE_AUTORELEASING = YES;
				CLANG_WARN_BOOL_CONVERSION = YES;
				CLANG_WARN_COMMA = YES;
				CLANG_WARN_CONSTANT_CONVERSION = YES;
				CLANG_WARN_DEPRECATED_OBJC_IMPLEMENTATIONS = YES;
				CLANG_WARN_DIRECT_OBJC_ISA_USAGE = YES_ERROR;
				CLANG_WARN_DOCUMENTATION_COMMENTS = YES;
				CLANG_WARN_EMPTY_BODY = YES;
				CLANG_WARN_ENUM_CONVERSION = YES;
				CLANG_WARN_INFINITE_RECURSION = YES;
				CLANG_WARN_INT_CONVERSION = YES;
				CLANG_WARN_NON_LITERAL_NULL_CONVERSION = YES;
				CLANG_WARN_OBJC_IMPLICIT_RETAIN_SELF = YES;
				CLANG_WARN_OBJC_LITERAL_CONVERSION = YES;
				CLANG_WARN_OBJC_ROOT_CLASS = YES_ERROR;
				CLANG_WARN_RANGE_LOOP_ANALYSIS = YES;
				CLANG_WARN_STRICT_PROTOTYPES = YES;
				CLANG_WARN_SUSPICIOUS_MOVE = YES;
				CLANG_WARN_UNGUARDED_AVAILABILITY = YES_AGGRESSIVE;
				CLANG_WARN_UNREACHABLE_CODE = YES;
				CLANG_WARN__DUPLICATE_METHOD_MATCH = YES;
				CODE_SIGN_IDENTITY = "iPhone Developer";
				COPY_PHASE_STRIP = NO;
				DEBUG_INFORMATION_FORMAT = "dwarf-with-dsym";
				ENABLE_NS_ASSERTIONS = NO;
				ENABLE_STRICT_OBJC_MSGSEND = YES;
				GCC_C_LANGUAGE_STANDARD = gnu11;
				GCC_NO_COMMON_BLOCKS = YES;
				GCC_WARN_64_TO_32_BIT_CONVERSION = YES;
				GCC_WARN_ABOUT_RETURN_TYPE = YES_ERROR;
				GCC_WARN_UNDECLARED_SELECTOR = YES;
				GCC_WARN_UNINITIALIZED_AUTOS = YES_AGGRESSIVE;
				GCC_WARN_UNUSED_FUNCTION = YES;
				GCC_WARN_UNUSED_VARIABLE = YES;
				IPHONEOS_DEPLOYMENT_TARGET = 11.3;
				MTL_ENABLE_DEBUG_INFO = NO;
				SDKROOT = iphoneos;
				SWIFT_COMPILATION_MODE = wholemodule;
				SWIFT_OPTIMIZATION_LEVEL = "-O";
				VALIDATE_PRODUCT = YES;
			};
			name = Release;
		};
		BA39999520A9E92300383CFB /* Debug */ = {
			isa = XCBuildConfiguration;
			baseConfigurationReference = A357D38E9E88116E4DD23C03 /* Pods-Scrappy.debug.xcconfig */;
			buildSettings = {
				ASSETCATALOG_COMPILER_APPICON_NAME = AppIcon;
				CODE_SIGN_STYLE = Automatic;
				DEVELOPMENT_TEAM = M7K48WSGV7;
				INFOPLIST_FILE = "$(SRCROOT)/Scrappy/Resources/Info.plist";
				LD_RUNPATH_SEARCH_PATHS = (
					"$(inherited)",
					"@executable_path/Frameworks",
				);
				PRODUCT_BUNDLE_IDENTIFIER = com.isaac.Scrappy;
				PRODUCT_NAME = "$(TARGET_NAME)";
				SWIFT_VERSION = 4.0;
				TARGETED_DEVICE_FAMILY = "1,2";
			};
			name = Debug;
		};
		BA39999620A9E92300383CFB /* Release */ = {
			isa = XCBuildConfiguration;
			baseConfigurationReference = 628AE67FCF76F9488F2909E0 /* Pods-Scrappy.release.xcconfig */;
			buildSettings = {
				ASSETCATALOG_COMPILER_APPICON_NAME = AppIcon;
				CODE_SIGN_STYLE = Automatic;
				DEVELOPMENT_TEAM = M7K48WSGV7;
				INFOPLIST_FILE = "$(SRCROOT)/Scrappy/Resources/Info.plist";
				LD_RUNPATH_SEARCH_PATHS = (
					"$(inherited)",
					"@executable_path/Frameworks",
				);
				PRODUCT_BUNDLE_IDENTIFIER = com.isaac.Scrappy;
				PRODUCT_NAME = "$(TARGET_NAME)";
				SWIFT_VERSION = 4.0;
				TARGETED_DEVICE_FAMILY = "1,2";
			};
			name = Release;
		};
/* End XCBuildConfiguration section */

/* Begin XCConfigurationList section */
		BA39997D20A9E92200383CFB /* Build configuration list for PBXProject "Scrappy" */ = {
			isa = XCConfigurationList;
			buildConfigurations = (
				BA39999220A9E92300383CFB /* Debug */,
				BA39999320A9E92300383CFB /* Release */,
			);
			defaultConfigurationIsVisible = 0;
			defaultConfigurationName = Release;
		};
		BA39999420A9E92300383CFB /* Build configuration list for PBXNativeTarget "Scrappy" */ = {
			isa = XCConfigurationList;
			buildConfigurations = (
				BA39999520A9E92300383CFB /* Debug */,
				BA39999620A9E92300383CFB /* Release */,
			);
			defaultConfigurationIsVisible = 0;
			defaultConfigurationName = Release;
		};
/* End XCConfigurationList section */
	};
	rootObject = BA39997A20A9E92200383CFB /* Project object */;
}
